// !$*UTF8*$!
{
	archiveVersion = 1;
	classes = {
	};
	objectVersion = 46;
	objects = {

/* Begin PBXBuildFile section */
		DC201D261A786AA3006F9B1B /* PlayingCardViewController.m in Sources */ = {isa = PBXBuildFile; fileRef = DC201D251A786AA3006F9B1B /* PlayingCardViewController.m */; };
		DC2497221A720B2F00BE2808 /* Card.m in Sources */ = {isa = PBXBuildFile; fileRef = DC24971B1A720B2F00BE2808 /* Card.m */; };
		DC2497231A720B2F00BE2808 /* Deck.m in Sources */ = {isa = PBXBuildFile; fileRef = DC24971D1A720B2F00BE2808 /* Deck.m */; };
		DC2497241A720B2F00BE2808 /* PlayingCard.m in Sources */ = {isa = PBXBuildFile; fileRef = DC24971F1A720B2F00BE2808 /* PlayingCard.m */; };
		DC2497251A720B2F00BE2808 /* PlayCardDeck.m in Sources */ = {isa = PBXBuildFile; fileRef = DC2497211A720B2F00BE2808 /* PlayCardDeck.m */; };
		DC2497301A720D0000BE2808 /* CardMatchingGame.m in Sources */ = {isa = PBXBuildFile; fileRef = DC24972F1A720D0000BE2808 /* CardMatchingGame.m */; };
		DCE393DE1A7148D0005D116C /* main.m in Sources */ = {isa = PBXBuildFile; fileRef = DCE393DD1A7148D0005D116C /* main.m */; };
		DCE393E11A7148D0005D116C /* AppDelegate.m in Sources */ = {isa = PBXBuildFile; fileRef = DCE393E01A7148D0005D116C /* AppDelegate.m */; };
		DCE393E91A7148D0005D116C /* Images.xcassets in Resources */ = {isa = PBXBuildFile; fileRef = DCE393E81A7148D0005D116C /* Images.xcassets */; };
		DCE393EC1A7148D0005D116C /* LaunchScreen.xib in Resources */ = {isa = PBXBuildFile; fileRef = DCE393EA1A7148D0005D116C /* LaunchScreen.xib */; };
		DCE393F81A7148D0005D116C /* lesson3Tests.m in Sources */ = {isa = PBXBuildFile; fileRef = DCE393F71A7148D0005D116C /* lesson3Tests.m */; };
		DCEDEC571A72948400CF4B77 /* ViewController.m in Sources */ = {isa = PBXBuildFile; fileRef = DCEDEC561A72948400CF4B77 /* ViewController.m */; };
		DCEDEC5A1A72951700CF4B77 /* Main.storyboard in Resources */ = {isa = PBXBuildFile; fileRef = DCEDEC581A72951700CF4B77 /* Main.storyboard */; };
/* End PBXBuildFile section */

/* Begin PBXContainerItemProxy section */
		DCE393F21A7148D0005D116C /* PBXContainerItemProxy */ = {
			isa = PBXContainerItemProxy;
			containerPortal = DCE393D01A7148D0005D116C /* Project object */;
			proxyType = 1;
			remoteGlobalIDString = DCE393D71A7148D0005D116C;
			remoteInfo = lesson3;
		};
/* End PBXContainerItemProxy section */

/* Begin PBXFileReference section */
		DC201D241A786AA3006F9B1B /* PlayingCardViewController.h */ = {isa = PBXFileReference; fileEncoding = 4; lastKnownFileType = sourcecode.c.h; path = PlayingCardViewController.h; sourceTree = "<group>"; };
		DC201D251A786AA3006F9B1B /* PlayingCardViewController.m */ = {isa = PBXFileReference; fileEncoding = 4; lastKnownFileType = sourcecode.c.objc; path = PlayingCardViewController.m; sourceTree = "<group>"; };
		DC24971A1A720B2F00BE2808 /* Card.h */ = {isa = PBXFileReference; fileEncoding = 4; lastKnownFileType = sourcecode.c.h; path = Card.h; sourceTree = "<group>"; };
		DC24971B1A720B2F00BE2808 /* Card.m */ = {isa = PBXFileReference; fileEncoding = 4; lastKnownFileType = sourcecode.c.objc; path = Card.m; sourceTree = "<group>"; };
		DC24971C1A720B2F00BE2808 /* Deck.h */ = {isa = PBXFileReference; fileEncoding = 4; lastKnownFileType = sourcecode.c.h; path = Deck.h; sourceTree = "<group>"; };
		DC24971D1A720B2F00BE2808 /* Deck.m */ = {isa = PBXFileReference; fileEncoding = 4; lastKnownFileType = sourcecode.c.objc; path = Deck.m; sourceTree = "<group>"; };
		DC24971E1A720B2F00BE2808 /* PlayingCard.h */ = {isa = PBXFileReference; fileEncoding = 4; lastKnownFileType = sourcecode.c.h; path = PlayingCard.h; sourceTree = "<group>"; };
		DC24971F1A720B2F00BE2808 /* PlayingCard.m */ = {isa = PBXFileReference; fileEncoding = 4; lastKnownFileType = sourcecode.c.objc; path = PlayingCard.m; sourceTree = "<group>"; };
		DC2497201A720B2F00BE2808 /* PlayCardDeck.h */ = {isa = PBXFileReference; fileEncoding = 4; lastKnownFileType = sourcecode.c.h; path = PlayCardDeck.h; sourceTree = "<group>"; };
		DC2497211A720B2F00BE2808 /* PlayCardDeck.m */ = {isa = PBXFileReference; fileEncoding = 4; lastKnownFileType = sourcecode.c.objc; path = PlayCardDeck.m; sourceTree = "<group>"; };
		DC24972E1A720D0000BE2808 /* CardMatchingGame.h */ = {isa = PBXFileReference; fileEncoding = 4; lastKnownFileType = sourcecode.c.h; path = CardMatchingGame.h; sourceTree = "<group>"; };
		DC24972F1A720D0000BE2808 /* CardMatchingGame.m */ = {isa = PBXFileReference; fileEncoding = 4; lastKnownFileType = sourcecode.c.objc; path = CardMatchingGame.m; sourceTree = "<group>"; };
		DCE393D81A7148D0005D116C /* lesson3.app */ = {isa = PBXFileReference; explicitFileType = wrapper.application; includeInIndex = 0; path = lesson3.app; sourceTree = BUILT_PRODUCTS_DIR; };
		DCE393DC1A7148D0005D116C /* Info.plist */ = {isa = PBXFileReference; lastKnownFileType = text.plist.xml; path = Info.plist; sourceTree = "<group>"; };
		DCE393DD1A7148D0005D116C /* main.m */ = {isa = PBXFileReference; lastKnownFileType = sourcecode.c.objc; path = main.m; sourceTree = "<group>"; };
		DCE393DF1A7148D0005D116C /* AppDelegate.h */ = {isa = PBXFileReference; lastKnownFileType = sourcecode.c.h; path = AppDelegate.h; sourceTree = "<group>"; };
		DCE393E01A7148D0005D116C /* AppDelegate.m */ = {isa = PBXFileReference; lastKnownFileType = sourcecode.c.objc; path = AppDelegate.m; sourceTree = "<group>"; };
		DCE393E21A7148D0005D116C /* ViewController.h */ = {isa = PBXFileReference; lastKnownFileType = sourcecode.c.h; path = ViewController.h; sourceTree = "<group>"; };
		DCE393E81A7148D0005D116C /* Images.xcassets */ = {isa = PBXFileReference; lastKnownFileType = folder.assetcatalog; path = Images.xcassets; sourceTree = "<group>"; };
		DCE393EB1A7148D0005D116C /* Base */ = {isa = PBXFileReference; lastKnownFileType = file.xib; name = Base; path = Base.lproj/LaunchScreen.xib; sourceTree = "<group>"; };
		DCE393F11A7148D0005D116C /* lesson3Tests.xctest */ = {isa = PBXFileReference; explicitFileType = wrapper.cfbundle; includeInIndex = 0; path = lesson3Tests.xctest; sourceTree = BUILT_PRODUCTS_DIR; };
		DCE393F61A7148D0005D116C /* Info.plist */ = {isa = PBXFileReference; lastKnownFileType = text.plist.xml; path = Info.plist; sourceTree = "<group>"; };
		DCE393F71A7148D0005D116C /* lesson3Tests.m */ = {isa = PBXFileReference; lastKnownFileType = sourcecode.c.objc; path = lesson3Tests.m; sourceTree = "<group>"; };
		DCEDEC561A72948400CF4B77 /* ViewController.m */ = {isa = PBXFileReference; fileEncoding = 4; lastKnownFileType = sourcecode.c.objc; path = ViewController.m; sourceTree = "<group>"; };
		DCEDEC591A72951700CF4B77 /* Base */ = {isa = PBXFileReference; lastKnownFileType = file.storyboard; name = Base; path = Base.lproj/Main.storyboard; sourceTree = "<group>"; };
/* End PBXFileReference section */

/* Begin PBXFrameworksBuildPhase section */
		DCE393D51A7148D0005D116C /* Frameworks */ = {
			isa = PBXFrameworksBuildPhase;
			buildActionMask = 2147483647;
			files = (
			);
			runOnlyForDeploymentPostprocessing = 0;
		};
		DCE393EE1A7148D0005D116C /* Frameworks */ = {
			isa = PBXFrameworksBuildPhase;
			buildActionMask = 2147483647;
			files = (
			);
			runOnlyForDeploymentPostprocessing = 0;
		};
/* End PBXFrameworksBuildPhase section */

/* Begin PBXGroup section */
		DC2497191A720B1C00BE2808 /* Model */ = {
			isa = PBXGroup;
			children = (
				DC24971A1A720B2F00BE2808 /* Card.h */,
				DC24971B1A720B2F00BE2808 /* Card.m */,
				DC24971C1A720B2F00BE2808 /* Deck.h */,
				DC24971D1A720B2F00BE2808 /* Deck.m */,
				DC24971E1A720B2F00BE2808 /* PlayingCard.h */,
				DC24971F1A720B2F00BE2808 /* PlayingCard.m */,
				DC2497201A720B2F00BE2808 /* PlayCardDeck.h */,
				DC2497211A720B2F00BE2808 /* PlayCardDeck.m */,
				DC24972E1A720D0000BE2808 /* CardMatchingGame.h */,
				DC24972F1A720D0000BE2808 /* CardMatchingGame.m */,
			);
			name = Model;
			sourceTree = "<group>";
		};
		DCE393CF1A7148D0005D116C = {
			isa = PBXGroup;
			children = (
				DCE393DA1A7148D0005D116C /* lesson3 */,
				DCE393F41A7148D0005D116C /* lesson3Tests */,
				DCE393D91A7148D0005D116C /* Products */,
			);
			sourceTree = "<group>";
		};
		DCE393D91A7148D0005D116C /* Products */ = {
			isa = PBXGroup;
			children = (
				DCE393D81A7148D0005D116C /* lesson3.app */,
				DCE393F11A7148D0005D116C /* lesson3Tests.xctest */,
			);
			name = Products;
			sourceTree = "<group>";
		};
		DCE393DA1A7148D0005D116C /* lesson3 */ = {
			isa = PBXGroup;
			children = (
				DC2497191A720B1C00BE2808 /* Model */,
				DCE393E21A7148D0005D116C /* ViewController.h */,
				DCEDEC561A72948400CF4B77 /* ViewController.m */,
				DC201D241A786AA3006F9B1B /* PlayingCardViewController.h */,
				DC201D251A786AA3006F9B1B /* PlayingCardViewController.m */,
				DCE393E81A7148D0005D116C /* Images.xcassets */,
				DCEDEC581A72951700CF4B77 /* Main.storyboard */,
				DCE393EA1A7148D0005D116C /* LaunchScreen.xib */,
				DCE393DB1A7148D0005D116C /* Supporting Files */,
			);
			path = lesson3;
			sourceTree = "<group>";
		};
		DCE393DB1A7148D0005D116C /* Supporting Files */ = {
			isa = PBXGroup;
			children = (
				DCE393DF1A7148D0005D116C /* AppDelegate.h */,
				DCE393E01A7148D0005D116C /* AppDelegate.m */,
				DCE393DC1A7148D0005D116C /* Info.plist */,
				DCE393DD1A7148D0005D116C /* main.m */,
			);
			name = "Supporting Files";
			sourceTree = "<group>";
		};
		DCE393F41A7148D0005D116C /* lesson3Tests */ = {
			isa = PBXGroup;
			children = (
				DCE393F71A7148D0005D116C /* lesson3Tests.m */,
				DCE393F51A7148D0005D116C /* Supporting Files */,
			);
			path = lesson3Tests;
			sourceTree = "<group>";
		};
		DCE393F51A7148D0005D116C /* Supporting Files */ = {
			isa = PBXGroup;
			children = (
				DCE393F61A7148D0005D116C /* Info.plist */,
			);
			name = "Supporting Files";
			sourceTree = "<group>";
		};
/* End PBXGroup section */

/* Begin PBXNativeTarget section */
		DCE393D71A7148D0005D116C /* lesson3 */ = {
			isa = PBXNativeTarget;
			buildConfigurationList = DCE393FB1A7148D0005D116C /* Build configuration list for PBXNativeTarget "lesson3" */;
			buildPhases = (
				DCE393D41A7148D0005D116C /* Sources */,
				DCE393D51A7148D0005D116C /* Frameworks */,
				DCE393D61A7148D0005D116C /* Resources */,
			);
			buildRules = (
			);
			dependencies = (
			);
			name = lesson3;
			productName = lesson3;
			productReference = DCE393D81A7148D0005D116C /* lesson3.app */;
			productType = "com.apple.product-type.application";
		};
		DCE393F01A7148D0005D116C /* lesson3Tests */ = {
			isa = PBXNativeTarget;
			buildConfigurationList = DCE393FE1A7148D0005D116C /* Build configuration list for PBXNativeTarget "lesson3Tests" */;
			buildPhases = (
				DCE393ED1A7148D0005D116C /* Sources */,
				DCE393EE1A7148D0005D116C /* Frameworks */,
				DCE393EF1A7148D0005D116C /* Resources */,
			);
			buildRules = (
			);
			dependencies = (
				DCE393F31A7148D0005D116C /* PBXTargetDependency */,
			);
			name = lesson3Tests;
			productName = lesson3Tests;
			productReference = DCE393F11A7148D0005D116C /* lesson3Tests.xctest */;
			productType = "com.apple.product-type.bundle.unit-test";
		};
/* End PBXNativeTarget section */

/* Begin PBXProject section */
		DCE393D01A7148D0005D116C /* Project object */ = {
			isa = PBXProject;
			attributes = {
				LastUpgradeCheck = 0610;
				ORGANIZATIONNAME = "Leiyou Who";
				TargetAttributes = {
					DCE393D71A7148D0005D116C = {
						CreatedOnToolsVersion = 6.1.1;
					};
					DCE393F01A7148D0005D116C = {
						CreatedOnToolsVersion = 6.1.1;
						TestTargetID = DCE393D71A7148D0005D116C;
					};
				};
			};
			buildConfigurationList = DCE393D31A7148D0005D116C /* Build configuration list for PBXProject "lesson3" */;
			compatibilityVersion = "Xcode 3.2";
			developmentRegion = English;
			hasScannedForEncodings = 0;
			knownRegions = (
				en,
				Base,
			);
			mainGroup = DCE393CF1A7148D0005D116C;
			productRefGroup = DCE393D91A7148D0005D116C /* Products */;
			projectDirPath = "";
			projectRoot = "";
			targets = (
				DCE393D71A7148D0005D116C /* lesson3 */,
				DCE393F01A7148D0005D116C /* lesson3Tests */,
			);
		};
/* End PBXProject section */

/* Begin PBXResourcesBuildPhase section */
		DCE393D61A7148D0005D116C /* Resources */ = {
			isa = PBXResourcesBuildPhase;
			buildActionMask = 2147483647;
			files = (
				DCEDEC5A1A72951700CF4B77 /* Main.storyboard in Resources */,
				DCE393EC1A7148D0005D116C /* LaunchScreen.xib in Resources */,
				DCE393E91A7148D0005D116C /* Images.xcassets in Resources */,
			);
			runOnlyForDeploymentPostprocessing = 0;
		};
		DCE393EF1A7148D0005D116C /* Resources */ = {
			isa = PBXResourcesBuildPhase;
			buildActionMask = 2147483647;
			files = (
			);
			runOnlyForDeploymentPostprocessing = 0;
		};
/* End PBXResourcesBuildPhase section */

/* Begin PBXSourcesBuildPhase section */
		DCE393D41A7148D0005D116C /* Sources */ = {
			isa = PBXSourcesBuildPhase;
			buildActionMask = 2147483647;
			files = (
				DC2497241A720B2F00BE2808 /* PlayingCard.m in Sources */,
				DC2497231A720B2F00BE2808 /* Deck.m in Sources */,
				DC201D261A786AA3006F9B1B /* PlayingCardViewController.m in Sources */,
				DCEDEC571A72948400CF4B77 /* ViewController.m in Sources */,
				DC2497251A720B2F00BE2808 /* PlayCardDeck.m in Sources */,
				DC2497301A720D0000BE2808 /* CardMatchingGame.m in Sources */,
				DCE393E11A7148D0005D116C /* AppDelegate.m in Sources */,
				DCE393DE1A7148D0005D116C /* main.m in Sources */,
				DC2497221A720B2F00BE2808 /* Card.m in Sources */,
			);
			runOnlyForDeploymentPostprocessing = 0;
		};
		DCE393ED1A7148D0005D116C /* Sources */ = {
			isa = PBXSourcesBuildPhase;
			buildActionMask = 2147483647;
			files = (
				DCE393F81A7148D0005D116C /* lesson3Tests.m in Sources */,
			);
			runOnlyForDeploymentPostprocessing = 0;
		};
/* End PBXSourcesBuildPhase section */

/* Begin PBXTargetDependency section */
		DCE393F31A7148D0005D116C /* PBXTargetDependency */ = {
			isa = PBXTargetDependency;
			target = DCE393D71A7148D0005D116C /* lesson3 */;
			targetProxy = DCE393F21A7148D0005D116C /* PBXContainerItemProxy */;
		};
/* End PBXTargetDependency section */

/* Begin PBXVariantGroup section */
		DCE393EA1A7148D0005D116C /* LaunchScreen.xib */ = {
			isa = PBXVariantGroup;
			children = (
				DCE393EB1A7148D0005D116C /* Base */,
			);
			name = LaunchScreen.xib;
			sourceTree = "<group>";
		};
		DCEDEC581A72951700CF4B77 /* Main.storyboard */ = {
			isa = PBXVariantGroup;
			children = (
				DCEDEC591A72951700CF4B77 /* Base */,
			);
			name = Main.storyboard;
			sourceTree = "<group>";
		};
/* End PBXVariantGroup section */

/* Begin XCBuildConfiguration section */
		DCE393F91A7148D0005D116C /* Debug */ = {
			isa = XCBuildConfiguration;
			buildSettings = {
				ALWAYS_SEARCH_USER_PATHS = NO;
				CLANG_CXX_LANGUAGE_STANDARD = "gnu++0x";
				CLANG_CXX_LIBRARY = "libc++";
				CLANG_ENABLE_MODULES = YES;
				CLANG_ENABLE_OBJC_ARC = YES;
				CLANG_WARN_BOOL_CONVERSION = YES;
				CLANG_WARN_CONSTANT_CONVERSION = YES;
				CLANG_WARN_DIRECT_OBJC_ISA_USAGE = YES_ERROR;
				CLANG_WARN_EMPTY_BODY = YES;
				CLANG_WARN_ENUM_CONVERSION = YES;
				CLANG_WARN_INT_CONVERSION = YES;
				CLANG_WARN_OBJC_ROOT_CLASS = YES_ERROR;
				CLANG_WARN_UNREACHABLE_CODE = YES;
				CLANG_WARN__DUPLICATE_METHOD_MATCH = YES;
				"CODE_SIGN_IDENTITY[sdk=iphoneos*]" = "iPhone Developer";
				COPY_PHASE_STRIP = NO;
				ENABLE_STRICT_OBJC_MSGSEND = YES;
				GCC_C_LANGUAGE_STANDARD = gnu99;
				GCC_DYNAMIC_NO_PIC = NO;
				GCC_OPTIMIZATION_LEVEL = 0;
				GCC_PREPROCESSOR_DEFINITIONS = (
					"DEBUG=1",
					"$(inherited)",
				);
				GCC_SYMBOLS_PRIVATE_EXTERN = NO;
				GCC_WARN_64_TO_32_BIT_CONVERSION = YES;
				GCC_WARN_ABOUT_RETURN_TYPE = YES_ERROR;
				GCC_WARN_UNDECLARED_SELECTOR = YES;
				GCC_WARN_UNINITIALIZED_AUTOS = YES_AGGRESSIVE;
				GCC_WARN_UNUSED_FUNCTION = YES;
				GCC_WARN_UNUSED_VARIABLE = YES;
				IPHONEOS_DEPLOYMENT_TARGET = 8.1;
				MTL_ENABLE_DEBUG_INFO = YES;
				ONLY_ACTIVE_ARCH = YES;
				SDKROOT = iphoneos;
			};
			name = Debug;
		};
		DCE393FA1A7148D0005D116C /* Release */ = {
			isa = XCBuildConfiguration;
			buildSettings = {
				ALWAYS_SEARCH_USER_PATHS = NO;
				CLANG_CXX_LANGUAGE_STANDARD = "gnu++0x";
				CLANG_CXX_LIBRARY = "libc++";
				CLANG_ENABLE_MODULES = YES;
				CLANG_ENABLE_OBJC_ARC = YES;
				CLANG_WARN_BOOL_CONVERSION = YES;
				CLANG_WARN_CONSTANT_CONVERSION = YES;
				CLANG_WARN_DIRECT_OBJC_ISA_USAGE = YES_ERROR;
				CLANG_WARN_EMPTY_BODY = YES;
				CLANG_WARN_ENUM_CONVERSION = YES;
				CLANG_WARN_INT_CONVERSION = YES;
				CLANG_WARN_OBJC_ROOT_CLASS = YES_ERROR;
				CLANG_WARN_UNREACHABLE_CODE = YES;
				CLANG_WARN__DUPLICATE_METHOD_MATCH = YES;
				"CODE_SIGN_IDENTITY[sdk=iphoneos*]" = "iPhone Developer";
				COPY_PHASE_STRIP = YES;
				ENABLE_NS_ASSERTIONS = NO;
				ENABLE_STRICT_OBJC_MSGSEND = YES;
				GCC_C_LANGUAGE_STANDARD = gnu99;
				GCC_WARN_64_TO_32_BIT_CONVERSION = YES;
				GCC_WARN_ABOUT_RETURN_TYPE = YES_ERROR;
				GCC_WARN_UNDECLARED_SELECTOR = YES;
				GCC_WARN_UNINITIALIZED_AUTOS = YES_AGGRESSIVE;
				GCC_WARN_UNUSED_FUNCTION = YES;
				GCC_WARN_UNUSED_VARIABLE = YES;
				IPHONEOS_DEPLOYMENT_TARGET = 8.1;
				MTL_ENABLE_DEBUG_INFO = NO;
				SDKROOT = iphoneos;
				VALIDATE_PRODUCT = YES;
			};
			name = Release;
		};
		DCE393FC1A7148D0005D116C /* Debug */ = {
			isa = XCBuildConfiguration;
			buildSettings = {
				ASSETCATALOG_COMPILER_APPICON_NAME = AppIcon;
				INFOPLIST_FILE = lesson3/Info.plist;
				LD_RUNPATH_SEARCH_PATHS = "$(inherited) @executable_path/Frameworks";
				PRODUCT_NAME = lesson3;
			};
			name = Debug;
		};
		DCE393FD1A7148D0005D116C /* Release */ = {
			isa = XCBuildConfiguration;
			buildSettings = {
				ASSETCATALOG_COMPILER_APPICON_NAME = AppIcon;
				INFOPLIST_FILE = lesson3/Info.plist;
				LD_RUNPATH_SEARCH_PATHS = "$(inherited) @executable_path/Frameworks";
				PRODUCT_NAME = lesson3;
			};
			name = Release;
		};
		DCE393FF1A7148D0005D116C /* Debug */ = {
			isa = XCBuildConfiguration;
			buildSettings = {
				BUNDLE_LOADER = "$(TEST_HOST)";
				FRAMEWORK_SEARCH_PATHS = (
					"$(SDKROOT)/Developer/Library/Frameworks",
					"$(inherited)",
				);
				GCC_PREPROCESSOR_DEFINITIONS = (
					"DEBUG=1",
					"$(inherited)",
				);
				INFOPLIST_FILE = lesson3Tests/Info.plist;
				LD_RUNPATH_SEARCH_PATHS = "$(inherited) @executable_path/Frameworks @loader_path/Frameworks";
				PRODUCT_NAME = lesson3Tests;
				TEST_HOST = "$(BUILT_PRODUCTS_DIR)/lesson3.app/lesson3";
			};
			name = Debug;
		};
		DCE394001A7148D0005D116C /* Release */ = {
			isa = XCBuildConfiguration;
			buildSettings = {
				BUNDLE_LOADER = "$(TEST_HOST)";
				FRAMEWORK_SEARCH_PATHS = (
					"$(SDKROOT)/Developer/Library/Frameworks",
					"$(inherited)",
				);
				INFOPLIST_FILE = lesson3Tests/Info.plist;
				LD_RUNPATH_SEARCH_PATHS = "$(inherited) @executable_path/Frameworks @loader_path/Frameworks";
				PRODUCT_NAME = lesson3Tests;
				TEST_HOST = "$(BUILT_PRODUCTS_DIR)/lesson3.app/lesson3";
			};
			name = Release;
		};
/* End XCBuildConfiguration section */

/* Begin XCConfigurationList section */
		DCE393D31A7148D0005D116C /* Build configuration list for PBXProject "lesson3" */ = {
			isa = XCConfigurationList;
			buildConfigurations = (
				DCE393F91A7148D0005D116C /* Debug */,
				DCE393FA1A7148D0005D116C /* Release */,
			);
			defaultConfigurationIsVisible = 0;
			defaultConfigurationName = Release;
		};
		DCE393FB1A7148D0005D116C /* Build configuration list for PBXNativeTarget "lesson3" */ = {
			isa = XCConfigurationList;
			buildConfigurations = (
				DCE393FC1A7148D0005D116C /* Debug */,
				DCE393FD1A7148D0005D116C /* Release */,
			);
			defaultConfigurationIsVisible = 0;
			defaultConfigurationName = Release;
		};
		DCE393FE1A7148D0005D116C /* Build configuration list for PBXNativeTarget "lesson3Tests" */ = {
			isa = XCConfigurationList;
			buildConfigurations = (
				DCE393FF1A7148D0005D116C /* Debug */,
				DCE394001A7148D0005D116C /* Release */,
			);
			defaultConfigurationIsVisible = 0;
			defaultConfigurationName = Release;
		};
/* End XCConfigurationList section */
	};
	rootObject = DCE393D01A7148D0005D116C /* Project object */;
}
